{
  "name": "interactive-components",
  "version": "1.0.0",
  "lockfileVersion": 2,
  "requires": true,
  "packages": {
    "": {
      "name": "interactive-components",
      "version": "1.0.0",
      "license": "ISC",
      "dependencies": {
        "interactive-components": "github:guardian/interactive-components"
      }
    },
    "node_modules/interactive-components": {
      "version": "1.0.0",
      "resolved": "git+ssh://git@github.com/guardian/interactive-components.git#4ba7e64991b9500e37ed11dd7722b0081eff87b8",
      "license": "ISC"
    }
  },
  "dependencies": {
    "interactive-components": {
      "version": "git+ssh://git@github.com/guardian/interactive-components.git#4ba7e64991b9500e37ed11dd7722b0081eff87b8",
      "from": "interactive-components@https://github.com/guardian/interactive-components"
    }
  }
}
